
Microsoft Visual Studio Solution File, Format Version 12.00
# Visual Studio Version 17
VisualStudioVersion = 17.0.32112.339
MinimumVisualStudioVersion = 10.0.40219.1
Project("{FAE04EC0-301F-11D3-BF4B-00C04F79EFBC}") = "XamarinMobile.Android", "XamarinMobile\XamarinMobile.Android\XamarinMobile.Android.csproj", "{1DD06F1A-2E77-422D-9619-414811EC6443}"
EndProject
Project("{FAE04EC0-301F-11D3-BF4B-00C04F79EFBC}") = "XamarinMobile.iOS", "XamarinMobile\XamarinMobile.iOS\XamarinMobile.iOS.csproj", "{78B574F2-8A76-4D14-AAD7-30B26A27597D}"
EndProject
Project("{FAE04EC0-301F-11D3-BF4B-00C04F79EFBC}") = "XamarinMobile", "XamarinMobile\XamarinMobile\XamarinMobile.csproj", "{07F7ABC8-C997-4940-BE99-4C99160D3CDD}"
EndProject
Global
	GlobalSection(SolutionConfigurationPlatforms) = preSolution
		Debug|Any CPU = Debug|Any CPU
		Debug|iPhone = Debug|iPhone
		Debug|iPhoneSimulator = Debug|iPhoneSimulator
		Release|Any CPU = Release|Any CPU
		Release|iPhone = Release|iPhone
		Release|iPhoneSimulator = Release|iPhoneSimulator
	EndGlobalSection
	GlobalSection(ProjectConfigurationPlatforms) = postSolution
		{1DD06F1A-2E77-422D-9619-414811EC6443}.Debug|Any CPU.ActiveCfg = Debug|Any CPU
		{1DD06F1A-2E77-422D-9619-414811EC6443}.Debug|Any CPU.Build.0 = Debug|Any CPU
		{1DD06F1A-2E77-422D-9619-414811EC6443}.Debug|Any CPU.Deploy.0 = Debug|Any CPU
		{1DD06F1A-2E77-422D-9619-414811EC6443}.Debug|iPhone.ActiveCfg = Debug|Any CPU
		{1DD06F1A-2E77-422D-9619-414811EC6443}.Debug|iPhone.Build.0 = Debug|Any CPU
		{1DD06F1A-2E77-422D-9619-414811EC6443}.Debug|iPhone.Deploy.0 = Debug|Any CPU
		{1DD06F1A-2E77-422D-9619-414811EC6443}.Debug|iPhoneSimulator.ActiveCfg = Debug|Any CPU
		{1DD06F1A-2E77-422D-9619-414811EC6443}.Debug|iPhoneSimulator.Build.0 = Debug|Any CPU
		{1DD06F1A-2E77-422D-9619-414811EC6443}.Debug|iPhoneSimulator.Deploy.0 = Debug|Any CPU
		{1DD06F1A-2E77-422D-9619-414811EC6443}.Release|Any CPU.ActiveCfg = Release|Any CPU
		{1DD06F1A-2E77-422D-9619-414811EC6443}.Release|Any CPU.Build.0 = Release|Any CPU
		{1DD06F1A-2E77-422D-9619-414811EC6443}.Release|Any CPU.Deploy.0 = Release|Any CPU
		{1DD06F1A-2E77-422D-9619-414811EC6443}.Release|iPhone.ActiveCfg = Release|Any CPU
		{1DD06F1A-2E77-422D-9619-414811EC6443}.Release|iPhone.Build.0 = Release|Any CPU
		{1DD06F1A-2E77-422D-9619-414811EC6443}.Release|iPhone.Deploy.0 = Release|Any CPU
		{1DD06F1A-2E77-422D-9619-414811EC6443}.Release|iPhoneSimulator.ActiveCfg = Release|Any CPU
		{1DD06F1A-2E77-422D-9619-414811EC6443}.Release|iPhoneSimulator.Build.0 = Release|Any CPU
		{1DD06F1A-2E77-422D-9619-414811EC6443}.Release|iPhoneSimulator.Deploy.0 = Release|Any CPU
		{78B574F2-8A76-4D14-AAD7-30B26A27597D}.Debug|Any CPU.ActiveCfg = Debug|iPhone
		{78B574F2-8A76-4D14-AAD7-30B26A27597D}.Debug|Any CPU.Build.0 = Debug|iPhone
		{78B574F2-8A76-4D14-AAD7-30B26A27597D}.Debug|Any CPU.Deploy.0 = Debug|iPhone
		{78B574F2-8A76-4D14-AAD7-30B26A27597D}.Debug|iPhone.ActiveCfg = Debug|iPhone
		{78B574F2-8A76-4D14-AAD7-30B26A27597D}.Debug|iPhone.Build.0 = Debug|iPhone
		{78B574F2-8A76-4D14-AAD7-30B26A27597D}.Debug|iPhone.Deploy.0 = Debug|iPhone
		{78B574F2-8A76-4D14-AAD7-30B26A27597D}.Debug|iPhoneSimulator.ActiveCfg = Debug|iPhoneSimulator
		{78B574F2-8A76-4D14-AAD7-30B26A27597D}.Debug|iPhoneSimulator.Build.0 = Debug|iPhoneSimulator
		{78B574F2-8A76-4D14-AAD7-30B26A27597D}.Debug|iPhoneSimulator.Deploy.0 = Debug|iPhoneSimulator
		{78B574F2-8A76-4D14-AAD7-30B26A27597D}.Release|Any CPU.ActiveCfg = Release|iPhoneSimulator
		{78B574F2-8A76-4D14-AAD7-30B26A27597D}.Release|Any CPU.Build.0 = Release|iPhoneSimulator
		{78B574F2-8A76-4D14-AAD7-30B26A27597D}.Release|Any CPU.Deploy.0 = Release|iPhoneSimulator
		{78B574F2-8A76-4D14-AAD7-30B26A27597D}.Release|iPhone.ActiveCfg = Release|iPhone
		{78B574F2-8A76-4D14-AAD7-30B26A27597D}.Release|iPhone.Build.0 = Release|iPhone
		{78B574F2-8A76-4D14-AAD7-30B26A27597D}.Release|iPhone.Deploy.0 = Release|iPhone
		{78B574F2-8A76-4D14-AAD7-30B26A27597D}.Release|iPhoneSimulator.ActiveCfg = Release|iPhoneSimulator
		{78B574F2-8A76-4D14-AAD7-30B26A27597D}.Release|iPhoneSimulator.Build.0 = Release|iPhoneSimulator
		{78B574F2-8A76-4D14-AAD7-30B26A27597D}.Release|iPhoneSimulator.Deploy.0 = Release|iPhoneSimulator
		{07F7ABC8-C997-4940-BE99-4C99160D3CDD}.Debug|Any CPU.ActiveCfg = Debug|Any CPU
		{07F7ABC8-C997-4940-BE99-4C99160D3CDD}.Debug|Any CPU.Build.0 = Debug|Any CPU
		{07F7ABC8-C997-4940-BE99-4C99160D3CDD}.Debug|Any CPU.Deploy.0 = Debug|Any CPU
		{07F7ABC8-C997-4940-BE99-4C99160D3CDD}.Debug|iPhone.ActiveCfg = Debug|Any CPU
		{07F7ABC8-C997-4940-BE99-4C99160D3CDD}.Debug|iPhone.Build.0 = Debug|Any CPU
		{07F7ABC8-C997-4940-BE99-4C99160D3CDD}.Debug|iPhone.Deploy.0 = Debug|Any CPU
		{07F7ABC8-C997-4940-BE99-4C99160D3CDD}.Debug|iPhoneSimulator.ActiveCfg = Debug|Any CPU
		{07F7ABC8-C997-4940-BE99-4C99160D3CDD}.Debug|iPhoneSimulator.Build.0 = Debug|Any CPU
		{07F7ABC8-C997-4940-BE99-4C99160D3CDD}.Debug|iPhoneSimulator.Deploy.0 = Debug|Any CPU
		{07F7ABC8-C997-4940-BE99-4C99160D3CDD}.Release|Any CPU.ActiveCfg = Release|Any CPU
		{07F7ABC8-C997-4940-BE99-4C99160D3CDD}.Release|Any CPU.Build.0 = Release|Any CPU
		{07F7ABC8-C997-4940-BE99-4C99160D3CDD}.Release|Any CPU.Deploy.0 = Release|Any CPU
		{07F7ABC8-C997-4940-BE99-4C99160D3CDD}.Release|iPhone.ActiveCfg = Release|Any CPU
		{07F7ABC8-C997-4940-BE99-4C99160D3CDD}.Release|iPhone.Build.0 = Release|Any CPU
		{07F7ABC8-C997-4940-BE99-4C99160D3CDD}.Release|iPhone.Deploy.0 = Release|Any CPU
		{07F7ABC8-C997-4940-BE99-4C99160D3CDD}.Release|iPhoneSimulator.ActiveCfg = Release|Any CPU
		{07F7ABC8-C997-4940-BE99-4C99160D3CDD}.Release|iPhoneSimulator.Build.0 = Release|Any CPU
		{07F7ABC8-C997-4940-BE99-4C99160D3CDD}.Release|iPhoneSimulator.Deploy.0 = Release|Any CPU
	EndGlobalSection
	GlobalSection(SolutionProperties) = preSolution
		HideSolutionNode = FALSE
	EndGlobalSection
	GlobalSection(ExtensibilityGlobals) = postSolution
		SolutionGuid = {300A31FB-F783-4199-8E1C-DD63CC4C3D5A}
	EndGlobalSection
EndGlobal
